{
  "lockfileVersion": 1,
  "configVersion": 1,
  "workspaces": {
    "": {
      "devDependencies": {
        "@fastify/deepmerge": "^3.2.1",
        "@minecraft/server": "2.5.0",
        "@minecraft/server-ui": "2.0.0",
        "@types/bun": "latest",
        "gl-matrix": "^3.4.4",
        "p-debounce": "^5.1.0",
        "prettier": "^3.8.1",
        "typescript": "^5.9.3",
      },
    },
  },
  "packages": {
    "@fastify/deepmerge": ["@fastify/deepmerge@3.2.1", "", {}, "sha512-N5Oqvltoa2r9z1tbx4xjky0oRR60v+T47Ic4J1ukoVQcptLOrIdRnCSdTGmOmajZuHVKlTnfcmrjyqsGEW1ztA=="],

    "@minecraft/common": ["@minecraft/common@1.2.0", "", {}, "sha512-JdmEq4P3Z/FtoBzhLijFgMSVFnFRrUoLwY8DHHrgtFo0mfLTOLTB1RErYjLMsA6b7BGVNxkX/pfFRiH7QZ0XwQ=="],

    "@minecraft/server": ["@minecraft/server@2.5.0", "", { "peerDependencies": { "@minecraft/common": "^1.2.0", "@minecraft/vanilla-data": ">=1.20.70" } }, "sha512-fh+1lByNo5tav75Xz0StOjBLUnWEQabg4K+RV7B7acGjdO5YkPnpXa2vw1ABuppgLuiBb2+E5letoCAj89bUBQ=="],

    "@minecraft/server-ui": ["@minecraft/server-ui@2.0.0", "", { "dependencies": { "@minecraft/common": "^1.0.0", "@minecraft/server": "^2.0.0" } }, "sha512-K1xFK1OEJSNfIgyRElaoxDTW/nbEqjBp1YnUdyPCs4kGDglwoXNyFz3wzMOkvT04CJXSifZGcTJeWda4C6OkXw=="],

    "@minecraft/vanilla-data": ["@minecraft/vanilla-data@1.26.2", "", {}, "sha512-nxACCFgbcE9D5Z5vRnl/AtJljat7yC4vKzZ/t87iHqdersZlDhBzUnfBDH4d1F6Le5vgdSEUIJwUJxKR+Yc3+w=="],

    "@types/bun": ["@types/bun@1.3.11", "", { "dependencies": { "bun-types": "1.3.11" } }, "sha512-5vPne5QvtpjGpsGYXiFyycfpDF2ECyPcTSsFBMa0fraoxiQyMJ3SmuQIGhzPg2WJuWxVBoxWJ2kClYTcw/4fAg=="],

    "@types/node": ["@types/node@25.5.0", "", { "dependencies": { "undici-types": "~7.18.0" } }, "sha512-jp2P3tQMSxWugkCUKLRPVUpGaL5MVFwF8RDuSRztfwgN1wmqJeMSbKlnEtQqU8UrhTmzEmZdu2I6v2dpp7XIxw=="],

    "bun-types": ["bun-types@1.3.11", "", { "dependencies": { "@types/node": "*" } }, "sha512-1KGPpoxQWl9f6wcZh57LvrPIInQMn2TQ7jsgxqpRzg+l0QPOFvJVH7HmvHo/AiPgwXy+/Thf6Ov3EdVn1vOabg=="],

    "gl-matrix": ["gl-matrix@3.4.4", "", {}, "sha512-latSnyDNt/8zYUB6VIJ6PCh2jBjJX6gnDsoCZ7LyW7GkqrD51EWwa9qCoGixj8YqBtETQK/xY7OmpTF8xz1DdQ=="],

    "p-debounce": ["p-debounce@5.1.0", "", {}, "sha512-3DNQmB7HPRMSuZ9P8JQFzEr7156s1S5Lqpi3mSrsZe5AHvl4ONfGrdB5azWqeOpNejQiemgQBkyU+IDKR5nwyg=="],

    "prettier": ["prettier@3.8.1", "", { "bin": { "prettier": "bin/prettier.cjs" } }, "sha512-UOnG6LftzbdaHZcKoPFtOcCKztrQ57WkHDeRD9t/PTQtmT0NHSeWWepj6pS0z/N7+08BHFDQVUrfmfMRcZwbMg=="],

    "typescript": ["typescript@5.9.3", "", { "bin": { "tsc": "bin/tsc", "tsserver": "bin/tsserver" } }, "sha512-jl1vZzPDinLr9eUt3J/t7V6FgNEw9QjvBPdysz9KfQDD41fQrC2Y4vKQdiaUpFT4bXlb1RHhLpp8wtm6M5TgSw=="],

    "undici-types": ["undici-types@7.18.2", "", {}, "sha512-AsuCzffGHJybSaRrmr5eHr81mwJU3kjw6M+uprWvCXiNeN9SOGwQ3Jn8jb8m3Z6izVgknn1R0FTCEAP2QrLY/w=="],
  }
}
